
Microsoft Visual Studio Solution File, Format Version 12.00
# Visual Studio Version 17
VisualStudioVersion = 17.9.34622.214
MinimumVisualStudioVersion = 10.0.40219.1
Project("{FAE04EC0-301F-11D3-BF4B-00C04F79EFBC}") = "Parallel", "Parallel\Parallel.csproj", "{34C77BD1-B1C9-4896-9357-BDC920330E58}"
EndProject
Global
	GlobalSection(SolutionConfigurationPlatforms) = preSolution
		Debug|Any CPU = Debug|Any CPU
		Release|Any CPU = Release|Any CPU
	EndGlobalSection
	GlobalSection(ProjectConfigurationPlatforms) = postSolution
		{34C77BD1-B1C9-4896-9357-BDC920330E58}.Debug|Any CPU.ActiveCfg = Debug|Any CPU
		{34C77BD1-B1C9-4896-9357-BDC920330E58}.Debug|Any CPU.Build.0 = Debug|Any CPU
		{34C77BD1-B1C9-4896-9357-BDC920330E58}.Release|Any CPU.ActiveCfg = Release|Any CPU
		{34C77BD1-B1C9-4896-9357-BDC920330E58}.Release|Any CPU.Build.0 = Release|Any CPU
	EndGlobalSection
	GlobalSection(SolutionProperties) = preSolution
		HideSolutionNode = FALSE
	EndGlobalSection
	GlobalSection(ExtensibilityGlobals) = postSolution
		SolutionGuid = {39773908-8C81-4CF1-9C1D-ABF283C0992F}
	EndGlobalSection
EndGlobal
